// !$*UTF8*$!
{
	archiveVersion = 1;
	classes = {
	};
	objectVersion = 50;
	objects = {

/* Begin PBXBuildFile section */
		C2454D3521470DB1009DA59B /* AppDelegate.swift in Sources */ = {isa = PBXBuildFile; fileRef = C2454D3421470DB1009DA59B /* AppDelegate.swift */; };
		C2454D3721470DB1009DA59B /* ViewController.swift in Sources */ = {isa = PBXBuildFile; fileRef = C2454D3621470DB1009DA59B /* ViewController.swift */; };
		C2454D3A21470DB1009DA59B /* Main.storyboard in Resources */ = {isa = PBXBuildFile; fileRef = C2454D3821470DB1009DA59B /* Main.storyboard */; };
		C2454D3C21470DBE009DA59B /* Assets.xcassets in Resources */ = {isa = PBXBuildFile; fileRef = C2454D3B21470DBE009DA59B /* Assets.xcassets */; };
		C2454D3F21470DBE009DA59B /* LaunchScreen.storyboard in Resources */ = {isa = PBXBuildFile; fileRef = C2454D3D21470DBE009DA59B /* LaunchScreen.storyboard */; };
		C2454D49214714AF009DA59B /* pokemon.csv in Resources */ = {isa = PBXBuildFile; fileRef = C2454D48214714AF009DA59B /* pokemon.csv */; };
		C2454D4B214716DC009DA59B /* Pokemon.swift in Sources */ = {isa = PBXBuildFile; fileRef = C2454D4A214716DC009DA59B /* Pokemon.swift */; };
		C2A817452147C6BB00E3525F /* PokeCell.swift in Sources */ = {isa = PBXBuildFile; fileRef = C2A817442147C6BB00E3525F /* PokeCell.swift */; };
		C2A817472147D5B800E3525F /* csv.swift in Sources */ = {isa = PBXBuildFile; fileRef = C2A817462147D5B700E3525F /* csv.swift */; };
/* End PBXBuildFile section */

/* Begin PBXFileReference section */
		C2454D3121470DB1009DA59B /* Pokedex.app */ = {isa = PBXFileReference; explicitFileType = wrapper.application; includeInIndex = 0; path = Pokedex.app; sourceTree = BUILT_PRODUCTS_DIR; };
		C2454D3421470DB1009DA59B /* AppDelegate.swift */ = {isa = PBXFileReference; lastKnownFileType = sourcecode.swift; path = AppDelegate.swift; sourceTree = "<group>"; };
		C2454D3621470DB1009DA59B /* ViewController.swift */ = {isa = PBXFileReference; lastKnownFileType = sourcecode.swift; path = ViewController.swift; sourceTree = "<group>"; };
		C2454D3921470DB1009DA59B /* Base */ = {isa = PBXFileReference; lastKnownFileType = file.storyboard; name = Base; path = Base.lproj/Main.storyboard; sourceTree = "<group>"; };
		C2454D3B21470DBE009DA59B /* Assets.xcassets */ = {isa = PBXFileReference; lastKnownFileType = folder.assetcatalog; path = Assets.xcassets; sourceTree = "<group>"; };
		C2454D3E21470DBE009DA59B /* Base */ = {isa = PBXFileReference; lastKnownFileType = file.storyboard; name = Base; path = Base.lproj/LaunchScreen.storyboard; sourceTree = "<group>"; };
		C2454D4021470DBE009DA59B /* Info.plist */ = {isa = PBXFileReference; lastKnownFileType = text.plist.xml; path = Info.plist; sourceTree = "<group>"; };
		C2454D48214714AF009DA59B /* pokemon.csv */ = {isa = PBXFileReference; fileEncoding = 4; lastKnownFileType = text; path = pokemon.csv; sourceTree = "<group>"; };
		C2454D4A214716DC009DA59B /* Pokemon.swift */ = {isa = PBXFileReference; lastKnownFileType = sourcecode.swift; path = Pokemon.swift; sourceTree = "<group>"; };
		C2A817442147C6BB00E3525F /* PokeCell.swift */ = {isa = PBXFileReference; lastKnownFileType = sourcecode.swift; path = PokeCell.swift; sourceTree = "<group>"; };
		C2A817462147D5B700E3525F /* csv.swift */ = {isa = PBXFileReference; fileEncoding = 4; lastKnownFileType = sourcecode.swift; path = csv.swift; sourceTree = "<group>"; };
/* End PBXFileReference section */

/* Begin PBXFrameworksBuildPhase section */
		C2454D2E21470DB1009DA59B /* Frameworks */ = {
			isa = PBXFrameworksBuildPhase;
			buildActionMask = 2147483647;
			files = (
			);
			runOnlyForDeploymentPostprocessing = 0;
		};
/* End PBXFrameworksBuildPhase section */

/* Begin PBXGroup section */
		C2454D2821470DB1009DA59B = {
			isa = PBXGroup;
			children = (
				C2454D3321470DB1009DA59B /* Pokedex */,
				C2454D3221470DB1009DA59B /* Products */,
			);
			sourceTree = "<group>";
		};
		C2454D3221470DB1009DA59B /* Products */ = {
			isa = PBXGroup;
			children = (
				C2454D3121470DB1009DA59B /* Pokedex.app */,
			);
			name = Products;
			sourceTree = "<group>";
		};
		C2454D3321470DB1009DA59B /* Pokedex */ = {
			isa = PBXGroup;
			children = (
				C2A817432147C64C00E3525F /* Model */,
				C2A817422147C64300E3525F /* View */,
				C2454D3421470DB1009DA59B /* AppDelegate.swift */,
				C2454D3621470DB1009DA59B /* ViewController.swift */,
				C2454D3821470DB1009DA59B /* Main.storyboard */,
				C2454D3B21470DBE009DA59B /* Assets.xcassets */,
				C2454D48214714AF009DA59B /* pokemon.csv */,
				C2A817462147D5B700E3525F /* csv.swift */,
				C2454D3D21470DBE009DA59B /* LaunchScreen.storyboard */,
				C2454D4021470DBE009DA59B /* Info.plist */,
			);
			path = Pokedex;
			sourceTree = "<group>";
		};
		C2A817422147C64300E3525F /* View */ = {
			isa = PBXGroup;
			children = (
				C2A817442147C6BB00E3525F /* PokeCell.swift */,
			);
			path = View;
			sourceTree = "<group>";
		};
		C2A817432147C64C00E3525F /* Model */ = {
			isa = PBXGroup;
			children = (
				C2454D4A214716DC009DA59B /* Pokemon.swift */,
			);
			path = Model;
			sourceTree = "<group>";
		};
/* End PBXGroup section */

/* Begin PBXNativeTarget section */
		C2454D3021470DB1009DA59B /* Pokedex */ = {
			isa = PBXNativeTarget;
			buildConfigurationList = C2454D4321470DBE009DA59B /* Build configuration list for PBXNativeTarget "Pokedex" */;
			buildPhases = (
				C2454D2D21470DB1009DA59B /* Sources */,
				C2454D2E21470DB1009DA59B /* Frameworks */,
				C2454D2F21470DB1009DA59B /* Resources */,
			);
			buildRules = (
			);
			dependencies = (
			);
			name = Pokedex;
			productName = Pokedex;
			productReference = C2454D3121470DB1009DA59B /* Pokedex.app */;
			productType = "com.apple.product-type.application";
		};
/* End PBXNativeTarget section */

/* Begin PBXProject section */
		C2454D2921470DB1009DA59B /* Project object */ = {
			isa = PBXProject;
			attributes = {
				LastSwiftUpdateCheck = 0940;
				LastUpgradeCheck = 0940;
				ORGANIZATIONNAME = "Rudolf Dani";
				TargetAttributes = {
					C2454D3021470DB1009DA59B = {
						CreatedOnToolsVersion = 9.4.1;
					};
				};
			};
			buildConfigurationList = C2454D2C21470DB1009DA59B /* Build configuration list for PBXProject "Pokedex" */;
			compatibilityVersion = "Xcode 9.3";
			developmentRegion = en;
			hasScannedForEncodings = 0;
			knownRegions = (
				en,
				Base,
			);
			mainGroup = C2454D2821470DB1009DA59B;
			productRefGroup = C2454D3221470DB1009DA59B /* Products */;
			projectDirPath = "";
			projectRoot = "";
			targets = (
				C2454D3021470DB1009DA59B /* Pokedex */,
			);
		};
/* End PBXProject section */

/* Begin PBXResourcesBuildPhase section */
		C2454D2F21470DB1009DA59B /* Resources */ = {
			isa = PBXResourcesBuildPhase;
			buildActionMask = 2147483647;
			files = (
				C2454D3F21470DBE009DA59B /* LaunchScreen.storyboard in Resources */,
				C2454D3C21470DBE009DA59B /* Assets.xcassets in Resources */,
				C2454D49214714AF009DA59B /* pokemon.csv in Resources */,
				C2454D3A21470DB1009DA59B /* Main.storyboard in Resources */,
			);
			runOnlyForDeploymentPostprocessing = 0;
		};
/* End PBXResourcesBuildPhase section */

/* Begin PBXSourcesBuildPhase section */
		C2454D2D21470DB1009DA59B /* Sources */ = {
			isa = PBXSourcesBuildPhase;
			buildActionMask = 2147483647;
			files = (
				C2A817452147C6BB00E3525F /* PokeCell.swift in Sources */,
				C2454D3721470DB1009DA59B /* ViewController.swift in Sources */,
				C2454D3521470DB1009DA59B /* AppDelegate.swift in Sources */,
				C2454D4B214716DC009DA59B /* Pokemon.swift in Sources */,
				C2A817472147D5B800E3525F /* csv.swift in Sources */,
			);
			runOnlyForDeploymentPostprocessing = 0;
		};
/* End PBXSourcesBuildPhase section */

/* Begin PBXVariantGroup section */
		C2454D3821470DB1009DA59B /* Main.storyboard */ = {
			isa = PBXVariantGroup;
			children = (
				C2454D3921470DB1009DA59B /* Base */,
			);
			name = Main.storyboard;
			sourceTree = "<group>";
		};
		C2454D3D21470DBE009DA59B /* LaunchScreen.storyboard */ = {
			isa = PBXVariantGroup;
			children = (
				C2454D3E21470DBE009DA59B /* Base */,
			);
			name = LaunchScreen.storyboard;
			sourceTree = "<group>";
		};
/* End PBXVariantGroup section */

/* Begin XCBuildConfiguration section */
		C2454D4121470DBE009DA59B /* Debug */ = {
			isa = XCBuildConfiguration;
			buildSettings = {
				ALWAYS_SEARCH_USER_PATHS = NO;
				CLANG_ANALYZER_NONNULL = YES;
				CLANG_ANALYZER_NUMBER_OBJECT_CONVERSION = YES_AGGRESSIVE;
				CLANG_CXX_LANGUAGE_STANDARD = "gnu++14";
				CLANG_CXX_LIBRARY = "libc++";
				CLANG_ENABLE_MODULES = YES;
				CLANG_ENABLE_OBJC_ARC = YES;
				CLANG_ENABLE_OBJC_WEAK = YES;
				CLANG_WARN_BLOCK_CAPTURE_AUTORELEASING = YES;
				CLANG_WARN_BOOL_CONVERSION = YES;
				CLANG_WARN_COMMA = YES;
				CLANG_WARN_CONSTANT_CONVERSION = YES;
				CLANG_WARN_DEPRECATED_OBJC_IMPLEMENTATIONS = YES;
				CLANG_WARN_DIRECT_OBJC_ISA_USAGE = YES_ERROR;
				CLANG_WARN_DOCUMENTATION_COMMENTS = YES;
				CLANG_WARN_EMPTY_BODY = YES;
				CLANG_WARN_ENUM_CONVERSION = YES;
				CLANG_WARN_INFINITE_RECURSION = YES;
				CLANG_WARN_INT_CONVERSION = YES;
				CLANG_WARN_NON_LITERAL_NULL_CONVERSION = YES;
				CLANG_WARN_OBJC_IMPLICIT_RETAIN_SELF = YES;
				CLANG_WARN_OBJC_LITERAL_CONVERSION = YES;
				CLANG_WARN_OBJC_ROOT_CLASS = YES_ERROR;
				CLANG_WARN_RANGE_LOOP_ANALYSIS = YES;
				CLANG_WARN_STRICT_PROTOTYPES = YES;
				CLANG_WARN_SUSPICIOUS_MOVE = YES;
				CLANG_WARN_UNGUARDED_AVAILABILITY = YES_AGGRESSIVE;
				CLANG_WARN_UNREACHABLE_CODE = YES;
				CLANG_WARN__DUPLICATE_METHOD_MATCH = YES;
				CODE_SIGN_IDENTITY = "iPhone Developer";
				COPY_PHASE_STRIP = NO;
				DEBUG_INFORMATION_FORMAT = dwarf;
				ENABLE_STRICT_OBJC_MSGSEND = YES;
				ENABLE_TESTABILITY = YES;
				GCC_C_LANGUAGE_STANDARD = gnu11;
				GCC_DYNAMIC_NO_PIC = NO;
				GCC_NO_COMMON_BLOCKS = YES;
				GCC_OPTIMIZATION_LEVEL = 0;
				GCC_PREPROCESSOR_DEFINITIONS = (
					"DEBUG=1",
					"$(inherited)",
				);
				GCC_WARN_64_TO_32_BIT_CONVERSION = YES;
				GCC_WARN_ABOUT_RETURN_TYPE = YES_ERROR;
				GCC_WARN_UNDECLARED_SELECTOR = YES;
				GCC_WARN_UNINITIALIZED_AUTOS = YES_AGGRESSIVE;
				GCC_WARN_UNUSED_FUNCTION = YES;
				GCC_WARN_UNUSED_VARIABLE = YES;
				IPHONEOS_DEPLOYMENT_TARGET = 11.4;
				MTL_ENABLE_DEBUG_INFO = YES;
				ONLY_ACTIVE_ARCH = YES;
				SDKROOT = iphoneos;
				SWIFT_ACTIVE_COMPILATION_CONDITIONS = DEBUG;
				SWIFT_OPTIMIZATION_LEVEL = "-Onone";
			};
			name = Debug;
		};
		C2454D4221470DBE009DA59B /* Release */ = {
			isa = XCBuildConfiguration;
			buildSettings = {
				ALWAYS_SEARCH_USER_PATHS = NO;
				CLANG_ANALYZER_NONNULL = YES;
				CLANG_ANALYZER_NUMBER_OBJECT_CONVERSION = YES_AGGRESSIVE;
				CLANG_CXX_LANGUAGE_STANDARD = "gnu++14";
				CLANG_CXX_LIBRARY = "libc++";
				CLANG_ENABLE_MODULES = YES;
				CLANG_ENABLE_OBJC_ARC = YES;
				CLANG_ENABLE_OBJC_WEAK = YES;
				CLANG_WARN_BLOCK_CAPTURE_AUTORELEASING = YES;
				CLANG_WARN_BOOL_CONVERSION = YES;
				CLANG_WARN_COMMA = YES;
				CLANG_WARN_CONSTANT_CONVERSION = YES;
				CLANG_WARN_DEPRECATED_OBJC_IMPLEMENTATIONS = YES;
				CLANG_WARN_DIRECT_OBJC_ISA_USAGE = YES_ERROR;
				CLANG_WARN_DOCUMENTATION_COMMENTS = YES;
				CLANG_WARN_EMPTY_BODY = YES;
				CLANG_WARN_ENUM_CONVERSION = YES;
				CLANG_WARN_INFINITE_RECURSION = YES;
				CLANG_WARN_INT_CONVERSION = YES;
				CLANG_WARN_NON_LITERAL_NULL_CONVERSION = YES;
				CLANG_WARN_OBJC_IMPLICIT_RETAIN_SELF = YES;
				CLANG_WARN_OBJC_LITERAL_CONVERSION = YES;
				CLANG_WARN_OBJC_ROOT_CLASS = YES_ERROR;
				CLANG_WARN_RANGE_LOOP_ANALYSIS = YES;
				CLANG_WARN_STRICT_PROTOTYPES = YES;
				CLANG_WARN_SUSPICIOUS_MOVE = YES;
				CLANG_WARN_UNGUARDED_AVAILABILITY = YES_AGGRESSIVE;
				CLANG_WARN_UNREACHABLE_CODE = YES;
				CLANG_WARN__DUPLICATE_METHOD_MATCH = YES;
				CODE_SIGN_IDENTITY = "iPhone Developer";
				COPY_PHASE_STRIP = NO;
				DEBUG_INFORMATION_FORMAT = "dwarf-with-dsym";
				ENABLE_NS_ASSERTIONS = NO;
				ENABLE_STRICT_OBJC_MSGSEND = YES;
				GCC_C_LANGUAGE_STANDARD = gnu11;
				GCC_NO_COMMON_BLOCKS = YES;
				GCC_WARN_64_TO_32_BIT_CONVERSION = YES;
				GCC_WARN_ABOUT_RETURN_TYPE = YES_ERROR;
				GCC_WARN_UNDECLARED_SELECTOR = YES;
				GCC_WARN_UNINITIALIZED_AUTOS = YES_AGGRESSIVE;
				GCC_WARN_UNUSED_FUNCTION = YES;
				GCC_WARN_UNUSED_VARIABLE = YES;
				IPHONEOS_DEPLOYMENT_TARGET = 11.4;
				MTL_ENABLE_DEBUG_INFO = NO;
				SDKROOT = iphoneos;
				SWIFT_COMPILATION_MODE = wholemodule;
				SWIFT_OPTIMIZATION_LEVEL = "-O";
				VALIDATE_PRODUCT = YES;
			};
			name = Release;
		};
		C2454D4421470DBE009DA59B /* Debug */ = {
			isa = XCBuildConfiguration;
			buildSettings = {
				ASSETCATALOG_COMPILER_APPICON_NAME = AppIcon;
				CODE_SIGN_STYLE = Automatic;
				INFOPLIST_FILE = Pokedex/Info.plist;
				LD_RUNPATH_SEARCH_PATHS = (
					"$(inherited)",
					"@executable_path/Frameworks",
				);
				PRODUCT_BUNDLE_IDENTIFIER = "The-Three-Musketeers.Pokedex";
				PRODUCT_NAME = "$(TARGET_NAME)";
				SWIFT_VERSION = 4.0;
				TARGETED_DEVICE_FAMILY = "1,2";
			};
			name = Debug;
		};
		C2454D4521470DBE009DA59B /* Release */ = {
			isa = XCBuildConfiguration;
			buildSettings = {
				ASSETCATALOG_COMPILER_APPICON_NAME = AppIcon;
				CODE_SIGN_STYLE = Automatic;
				INFOPLIST_FILE = Pokedex/Info.plist;
				LD_RUNPATH_SEARCH_PATHS = (
					"$(inherited)",
					"@executable_path/Frameworks",
				);
				PRODUCT_BUNDLE_IDENTIFIER = "The-Three-Musketeers.Pokedex";
				PRODUCT_NAME = "$(TARGET_NAME)";
				SWIFT_VERSION = 4.0;
				TARGETED_DEVICE_FAMILY = "1,2";
			};
			name = Release;
		};
/* End XCBuildConfiguration section */

/* Begin XCConfigurationList section */
		C2454D2C21470DB1009DA59B /* Build configuration list for PBXProject "Pokedex" */ = {
			isa = XCConfigurationList;
			buildConfigurations = (
				C2454D4121470DBE009DA59B /* Debug */,
				C2454D4221470DBE009DA59B /* Release */,
			);
			defaultConfigurationIsVisible = 0;
			defaultConfigurationName = Release;
		};
		C2454D4321470DBE009DA59B /* Build configuration list for PBXNativeTarget "Pokedex" */ = {
			isa = XCConfigurationList;
			buildConfigurations = (
				C2454D4421470DBE009DA59B /* Debug */,
				C2454D4521470DBE009DA59B /* Release */,
			);
			defaultConfigurationIsVisible = 0;
			defaultConfigurationName = Release;
		};
/* End XCConfigurationList section */
	};
	rootObject = C2454D2921470DB1009DA59B /* Project object */;
}
